
Microsoft Visual Studio Solution File, Format Version 12.00
# Visual Studio 2012
Project("{FAE04EC0-301F-11D3-BF4B-00C04F79EFBC}") = "web", "web\web.csproj", "{15AC344E-CA65-4498-B137-7AEC4ECC23FD}"
EndProject
Project("{FAE04EC0-301F-11D3-BF4B-00C04F79EFBC}") = "web.Tests", "web.Tests\web.Tests.csproj", "{C77EB39B-F53A-45F7-9D02-724B2887EDE8}"
EndProject
Global
	GlobalSection(SolutionConfigurationPlatforms) = preSolution
		Debug|Any CPU = Debug|Any CPU
		Release|Any CPU = Release|Any CPU
	EndGlobalSection
	GlobalSection(ProjectConfigurationPlatforms) = postSolution
		{15AC344E-CA65-4498-B137-7AEC4ECC23FD}.Debug|Any CPU.ActiveCfg = Debug|Any CPU
		{15AC344E-CA65-4498-B137-7AEC4ECC23FD}.Debug|Any CPU.Build.0 = Debug|Any CPU
		{15AC344E-CA65-4498-B137-7AEC4ECC23FD}.Release|Any CPU.ActiveCfg = Release|Any CPU
		{15AC344E-CA65-4498-B137-7AEC4ECC23FD}.Release|Any CPU.Build.0 = Release|Any CPU
		{C77EB39B-F53A-45F7-9D02-724B2887EDE8}.Debug|Any CPU.ActiveCfg = Debug|Any CPU
		{C77EB39B-F53A-45F7-9D02-724B2887EDE8}.Debug|Any CPU.Build.0 = Debug|Any CPU
		{C77EB39B-F53A-45F7-9D02-724B2887EDE8}.Release|Any CPU.ActiveCfg = Release|Any CPU
		{C77EB39B-F53A-45F7-9D02-724B2887EDE8}.Release|Any CPU.Build.0 = Release|Any CPU
	EndGlobalSection
EndGlobal
